// !$*UTF8*$!
{
	archiveVersion = 1;
	classes = {
	};
	objectVersion = 56;
	objects = {

/* Begin PBXBuildFile section */
		BA17000028FAC159004E3BDC /* WeatherApp.swift in Sources */ = {isa = PBXBuildFile; fileRef = BA17FFFF28FAC159004E3BDC /* WeatherApp.swift */; };
		BA17000228FAC159004E3BDC /* ContentView.swift in Sources */ = {isa = PBXBuildFile; fileRef = BA17000128FAC159004E3BDC /* ContentView.swift */; };
		BA17000428FAC159004E3BDC /* Assets.xcassets in Resources */ = {isa = PBXBuildFile; fileRef = BA17000328FAC159004E3BDC /* Assets.xcassets */; };
		BA17000728FAC159004E3BDC /* Preview Assets.xcassets in Resources */ = {isa = PBXBuildFile; fileRef = BA17000628FAC159004E3BDC /* Preview Assets.xcassets */; };
		BA17001528FAE900004E3BDC /* Extensions.swift in Sources */ = {isa = PBXBuildFile; fileRef = BA17001428FAE900004E3BDC /* Extensions.swift */; };
		BAD0339228FB07300093A399 /* HomeView.swift in Sources */ = {isa = PBXBuildFile; fileRef = BAD0339128FB07300093A399 /* HomeView.swift */; };
		BAD0339428FB31DE0093A399 /* TabBar.swift in Sources */ = {isa = PBXBuildFile; fileRef = BAD0339328FB31DE0093A399 /* TabBar.swift */; };
		BAD0339628FC37D20093A399 /* Shapes.swift in Sources */ = {isa = PBXBuildFile; fileRef = BAD0339528FC37D20093A399 /* Shapes.swift */; };
		BAD0339928FD3C110093A399 /* BottomSheet in Frameworks */ = {isa = PBXBuildFile; productRef = BAD0339828FD3C110093A399 /* BottomSheet */; };
		BAD0339B28FD4A670093A399 /* ForecastView.swift in Sources */ = {isa = PBXBuildFile; fileRef = BAD0339A28FD4A670093A399 /* ForecastView.swift */; };
		BAD0339D28FD4D460093A399 /* Blur.swift in Sources */ = {isa = PBXBuildFile; fileRef = BAD0339C28FD4D460093A399 /* Blur.swift */; };
		BAD0339F28FDD0430093A399 /* SegmentedControl.swift in Sources */ = {isa = PBXBuildFile; fileRef = BAD0339E28FDD0430093A399 /* SegmentedControl.swift */; };
/* End PBXBuildFile section */

/* Begin PBXFileReference section */
		BA17000128FAC159004E3BDC /* ContentView.swift */ = {isa = PBXFileReference; lastKnownFileType = sourcecode.swift; path = ContentView.swift; sourceTree = "<group>"; };
		BA17000328FAC159004E3BDC /* Assets.xcassets */ = {isa = PBXFileReference; lastKnownFileType = folder.assetcatalog; path = Assets.xcassets; sourceTree = "<group>"; };
		BA17000628FAC159004E3BDC /* Preview Assets.xcassets */ = {isa = PBXFileReference; lastKnownFileType = folder.assetcatalog; path = "Preview Assets.xcassets"; sourceTree = "<group>"; };
		BA17001428FAE900004E3BDC /* Extensions.swift */ = {isa = PBXFileReference; lastKnownFileType = sourcecode.swift; path = Extensions.swift; sourceTree = "<group>"; };
		BA17FFFC28FAC159004E3BDC /* Weather.app */ = {isa = PBXFileReference; explicitFileType = wrapper.application; includeInIndex = 0; path = Weather.app; sourceTree = BUILT_PRODUCTS_DIR; };
		BA17FFFF28FAC159004E3BDC /* WeatherApp.swift */ = {isa = PBXFileReference; lastKnownFileType = sourcecode.swift; path = WeatherApp.swift; sourceTree = "<group>"; };
		BAD0339128FB07300093A399 /* HomeView.swift */ = {isa = PBXFileReference; lastKnownFileType = sourcecode.swift; path = HomeView.swift; sourceTree = "<group>"; };
		BAD0339328FB31DE0093A399 /* TabBar.swift */ = {isa = PBXFileReference; lastKnownFileType = sourcecode.swift; path = TabBar.swift; sourceTree = "<group>"; };
		BAD0339528FC37D20093A399 /* Shapes.swift */ = {isa = PBXFileReference; lastKnownFileType = sourcecode.swift; path = Shapes.swift; sourceTree = "<group>"; };
		BAD0339A28FD4A670093A399 /* ForecastView.swift */ = {isa = PBXFileReference; lastKnownFileType = sourcecode.swift; path = ForecastView.swift; sourceTree = "<group>"; };
		BAD0339C28FD4D460093A399 /* Blur.swift */ = {isa = PBXFileReference; lastKnownFileType = sourcecode.swift; path = Blur.swift; sourceTree = "<group>"; };
		BAD0339E28FDD0430093A399 /* SegmentedControl.swift */ = {isa = PBXFileReference; lastKnownFileType = sourcecode.swift; path = SegmentedControl.swift; sourceTree = "<group>"; };
/* End PBXFileReference section */

/* Begin PBXFrameworksBuildPhase section */
		BA17FFF928FAC159004E3BDC /* Frameworks */ = {
			isa = PBXFrameworksBuildPhase;
			buildActionMask = 2147483647;
			files = (
				BAD0339928FD3C110093A399 /* BottomSheet in Frameworks */,
			);
			runOnlyForDeploymentPostprocessing = 0;
		};
/* End PBXFrameworksBuildPhase section */

/* Begin PBXGroup section */
		BA17000528FAC159004E3BDC /* Preview Content */ = {
			isa = PBXGroup;
			children = (
				BA17000628FAC159004E3BDC /* Preview Assets.xcassets */,
			);
			path = "Preview Content";
			sourceTree = "<group>";
		};
		BA17000D28FAC5CF004E3BDC /* Models */ = {
			isa = PBXGroup;
			children = (
			);
			path = Models;
			sourceTree = "<group>";
		};
		BA17000E28FAC5D6004E3BDC /* Utils */ = {
			isa = PBXGroup;
			children = (
				BA17001428FAE900004E3BDC /* Extensions.swift */,
				BAD0339528FC37D20093A399 /* Shapes.swift */,
			);
			path = Utils;
			sourceTree = "<group>";
		};
		BA17000F28FAC5DD004E3BDC /* Views */ = {
			isa = PBXGroup;
			children = (
				BA17001028FAC615004E3BDC /* Main */,
				BA17001128FAC61A004E3BDC /* Navigation */,
				BA17001228FAC621004E3BDC /* Detail */,
				BA17001328FAC629004E3BDC /* Components */,
			);
			path = Views;
			sourceTree = "<group>";
		};
		BA17001028FAC615004E3BDC /* Main */ = {
			isa = PBXGroup;
			children = (
				BA17000128FAC159004E3BDC /* ContentView.swift */,
				BAD0339128FB07300093A399 /* HomeView.swift */,
			);
			path = Main;
			sourceTree = "<group>";
		};
		BA17001128FAC61A004E3BDC /* Navigation */ = {
			isa = PBXGroup;
			children = (
				BAD0339328FB31DE0093A399 /* TabBar.swift */,
			);
			path = Navigation;
			sourceTree = "<group>";
		};
		BA17001228FAC621004E3BDC /* Detail */ = {
			isa = PBXGroup;
			children = (
				BAD0339A28FD4A670093A399 /* ForecastView.swift */,
			);
			path = Detail;
			sourceTree = "<group>";
		};
		BA17001328FAC629004E3BDC /* Components */ = {
			isa = PBXGroup;
			children = (
				BAD0339C28FD4D460093A399 /* Blur.swift */,
				BAD0339E28FDD0430093A399 /* SegmentedControl.swift */,
			);
			path = Components;
			sourceTree = "<group>";
		};
		BA17FFF328FAC159004E3BDC = {
			isa = PBXGroup;
			children = (
				BA17FFFE28FAC159004E3BDC /* Weather */,
				BA17FFFD28FAC159004E3BDC /* Products */,
			);
			sourceTree = "<group>";
		};
		BA17FFFD28FAC159004E3BDC /* Products */ = {
			isa = PBXGroup;
			children = (
				BA17FFFC28FAC159004E3BDC /* Weather.app */,
			);
			name = Products;
			sourceTree = "<group>";
		};
		BA17FFFE28FAC159004E3BDC /* Weather */ = {
			isa = PBXGroup;
			children = (
				BA17FFFF28FAC159004E3BDC /* WeatherApp.swift */,
				BA17000F28FAC5DD004E3BDC /* Views */,
				BA17000D28FAC5CF004E3BDC /* Models */,
				BA17000E28FAC5D6004E3BDC /* Utils */,
				BA17000328FAC159004E3BDC /* Assets.xcassets */,
				BA17000528FAC159004E3BDC /* Preview Content */,
			);
			path = Weather;
			sourceTree = "<group>";
		};
/* End PBXGroup section */

/* Begin PBXNativeTarget section */
		BA17FFFB28FAC159004E3BDC /* Weather */ = {
			isa = PBXNativeTarget;
			buildConfigurationList = BA17000A28FAC159004E3BDC /* Build configuration list for PBXNativeTarget "Weather" */;
			buildPhases = (
				BA17FFF828FAC159004E3BDC /* Sources */,
				BA17FFF928FAC159004E3BDC /* Frameworks */,
				BA17FFFA28FAC159004E3BDC /* Resources */,
			);
			buildRules = (
			);
			dependencies = (
			);
			name = Weather;
			packageProductDependencies = (
				BAD0339828FD3C110093A399 /* BottomSheet */,
			);
			productName = Weather;
			productReference = BA17FFFC28FAC159004E3BDC /* Weather.app */;
			productType = "com.apple.product-type.application";
		};
/* End PBXNativeTarget section */

/* Begin PBXProject section */
		BA17FFF428FAC159004E3BDC /* Project object */ = {
			isa = PBXProject;
			attributes = {
				BuildIndependentTargetsInParallel = 1;
				LastSwiftUpdateCheck = 1400;
				LastUpgradeCheck = 1400;
				TargetAttributes = {
					BA17FFFB28FAC159004E3BDC = {
						CreatedOnToolsVersion = 14.0.1;
					};
				};
			};
			buildConfigurationList = BA17FFF728FAC159004E3BDC /* Build configuration list for PBXProject "Weather" */;
			compatibilityVersion = "Xcode 14.0";
			developmentRegion = en;
			hasScannedForEncodings = 0;
			knownRegions = (
				en,
				Base,
			);
			mainGroup = BA17FFF328FAC159004E3BDC;
			packageReferences = (
				BAD0339728FD3C110093A399 /* XCRemoteSwiftPackageReference "BottomSheet" */,
			);
			productRefGroup = BA17FFFD28FAC159004E3BDC /* Products */;
			projectDirPath = "";
			projectRoot = "";
			targets = (
				BA17FFFB28FAC159004E3BDC /* Weather */,
			);
		};
/* End PBXProject section */

/* Begin PBXResourcesBuildPhase section */
		BA17FFFA28FAC159004E3BDC /* Resources */ = {
			isa = PBXResourcesBuildPhase;
			buildActionMask = 2147483647;
			files = (
				BA17000728FAC159004E3BDC /* Preview Assets.xcassets in Resources */,
				BA17000428FAC159004E3BDC /* Assets.xcassets in Resources */,
			);
			runOnlyForDeploymentPostprocessing = 0;
		};
/* End PBXResourcesBuildPhase section */

/* Begin PBXSourcesBuildPhase section */
		BA17FFF828FAC159004E3BDC /* Sources */ = {
			isa = PBXSourcesBuildPhase;
			buildActionMask = 2147483647;
			files = (
				BA17000228FAC159004E3BDC /* ContentView.swift in Sources */,
				BAD0339F28FDD0430093A399 /* SegmentedControl.swift in Sources */,
				BAD0339228FB07300093A399 /* HomeView.swift in Sources */,
				BAD0339D28FD4D460093A399 /* Blur.swift in Sources */,
				BA17001528FAE900004E3BDC /* Extensions.swift in Sources */,
				BA17000028FAC159004E3BDC /* WeatherApp.swift in Sources */,
				BAD0339B28FD4A670093A399 /* ForecastView.swift in Sources */,
				BAD0339428FB31DE0093A399 /* TabBar.swift in Sources */,
				BAD0339628FC37D20093A399 /* Shapes.swift in Sources */,
			);
			runOnlyForDeploymentPostprocessing = 0;
		};
/* End PBXSourcesBuildPhase section */

/* Begin XCBuildConfiguration section */
		BA17000828FAC159004E3BDC /* Debug */ = {
			isa = XCBuildConfiguration;
			buildSettings = {
				ALWAYS_SEARCH_USER_PATHS = NO;
				CLANG_ANALYZER_NONNULL = YES;
				CLANG_ANALYZER_NUMBER_OBJECT_CONVERSION = YES_AGGRESSIVE;
				CLANG_CXX_LANGUAGE_STANDARD = "gnu++20";
				CLANG_ENABLE_MODULES = YES;
				CLANG_ENABLE_OBJC_ARC = YES;
				CLANG_ENABLE_OBJC_WEAK = YES;
				CLANG_WARN_BLOCK_CAPTURE_AUTORELEASING = YES;
				CLANG_WARN_BOOL_CONVERSION = YES;
				CLANG_WARN_COMMA = YES;
				CLANG_WARN_CONSTANT_CONVERSION = YES;
				CLANG_WARN_DEPRECATED_OBJC_IMPLEMENTATIONS = YES;
				CLANG_WARN_DIRECT_OBJC_ISA_USAGE = YES_ERROR;
				CLANG_WARN_DOCUMENTATION_COMMENTS = YES;
				CLANG_WARN_EMPTY_BODY = YES;
				CLANG_WARN_ENUM_CONVERSION = YES;
				CLANG_WARN_INFINITE_RECURSION = YES;
				CLANG_WARN_INT_CONVERSION = YES;
				CLANG_WARN_NON_LITERAL_NULL_CONVERSION = YES;
				CLANG_WARN_OBJC_IMPLICIT_RETAIN_SELF = YES;
				CLANG_WARN_OBJC_LITERAL_CONVERSION = YES;
				CLANG_WARN_OBJC_ROOT_CLASS = YES_ERROR;
				CLANG_WARN_QUOTED_INCLUDE_IN_FRAMEWORK_HEADER = YES;
				CLANG_WARN_RANGE_LOOP_ANALYSIS = YES;
				CLANG_WARN_STRICT_PROTOTYPES = YES;
				CLANG_WARN_SUSPICIOUS_MOVE = YES;
				CLANG_WARN_UNGUARDED_AVAILABILITY = YES_AGGRESSIVE;
				CLANG_WARN_UNREACHABLE_CODE = YES;
				CLANG_WARN__DUPLICATE_METHOD_MATCH = YES;
				COPY_PHASE_STRIP = NO;
				DEBUG_INFORMATION_FORMAT = dwarf;
				ENABLE_STRICT_OBJC_MSGSEND = YES;
				ENABLE_TESTABILITY = YES;
				GCC_C_LANGUAGE_STANDARD = gnu11;
				GCC_DYNAMIC_NO_PIC = NO;
				GCC_NO_COMMON_BLOCKS = YES;
				GCC_OPTIMIZATION_LEVEL = 0;
				GCC_PREPROCESSOR_DEFINITIONS = (
					"DEBUG=1",
					"$(inherited)",
				);
				GCC_WARN_64_TO_32_BIT_CONVERSION = YES;
				GCC_WARN_ABOUT_RETURN_TYPE = YES_ERROR;
				GCC_WARN_UNDECLARED_SELECTOR = YES;
				GCC_WARN_UNINITIALIZED_AUTOS = YES_AGGRESSIVE;
				GCC_WARN_UNUSED_FUNCTION = YES;
				GCC_WARN_UNUSED_VARIABLE = YES;
				IPHONEOS_DEPLOYMENT_TARGET = 16.0;
				MTL_ENABLE_DEBUG_INFO = INCLUDE_SOURCE;
				MTL_FAST_MATH = YES;
				ONLY_ACTIVE_ARCH = YES;
				SDKROOT = iphoneos;
				SWIFT_ACTIVE_COMPILATION_CONDITIONS = DEBUG;
				SWIFT_OPTIMIZATION_LEVEL = "-Onone";
			};
			name = Debug;
		};
		BA17000928FAC159004E3BDC /* Release */ = {
			isa = XCBuildConfiguration;
			buildSettings = {
				ALWAYS_SEARCH_USER_PATHS = NO;
				CLANG_ANALYZER_NONNULL = YES;
				CLANG_ANALYZER_NUMBER_OBJECT_CONVERSION = YES_AGGRESSIVE;
				CLANG_CXX_LANGUAGE_STANDARD = "gnu++20";
				CLANG_ENABLE_MODULES = YES;
				CLANG_ENABLE_OBJC_ARC = YES;
				CLANG_ENABLE_OBJC_WEAK = YES;
				CLANG_WARN_BLOCK_CAPTURE_AUTORELEASING = YES;
				CLANG_WARN_BOOL_CONVERSION = YES;
				CLANG_WARN_COMMA = YES;
				CLANG_WARN_CONSTANT_CONVERSION = YES;
				CLANG_WARN_DEPRECATED_OBJC_IMPLEMENTATIONS = YES;
				CLANG_WARN_DIRECT_OBJC_ISA_USAGE = YES_ERROR;
				CLANG_WARN_DOCUMENTATION_COMMENTS = YES;
				CLANG_WARN_EMPTY_BODY = YES;
				CLANG_WARN_ENUM_CONVERSION = YES;
				CLANG_WARN_INFINITE_RECURSION = YES;
				CLANG_WARN_INT_CONVERSION = YES;
				CLANG_WARN_NON_LITERAL_NULL_CONVERSION = YES;
				CLANG_WARN_OBJC_IMPLICIT_RETAIN_SELF = YES;
				CLANG_WARN_OBJC_LITERAL_CONVERSION = YES;
				CLANG_WARN_OBJC_ROOT_CLASS = YES_ERROR;
				CLANG_WARN_QUOTED_INCLUDE_IN_FRAMEWORK_HEADER = YES;
				CLANG_WARN_RANGE_LOOP_ANALYSIS = YES;
				CLANG_WARN_STRICT_PROTOTYPES = YES;
				CLANG_WARN_SUSPICIOUS_MOVE = YES;
				CLANG_WARN_UNGUARDED_AVAILABILITY = YES_AGGRESSIVE;
				CLANG_WARN_UNREACHABLE_CODE = YES;
				CLANG_WARN__DUPLICATE_METHOD_MATCH = YES;
				COPY_PHASE_STRIP = NO;
				DEBUG_INFORMATION_FORMAT = "dwarf-with-dsym";
				ENABLE_NS_ASSERTIONS = NO;
				ENABLE_STRICT_OBJC_MSGSEND = YES;
				GCC_C_LANGUAGE_STANDARD = gnu11;
				GCC_NO_COMMON_BLOCKS = YES;
				GCC_WARN_64_TO_32_BIT_CONVERSION = YES;
				GCC_WARN_ABOUT_RETURN_TYPE = YES_ERROR;
				GCC_WARN_UNDECLARED_SELECTOR = YES;
				GCC_WARN_UNINITIALIZED_AUTOS = YES_AGGRESSIVE;
				GCC_WARN_UNUSED_FUNCTION = YES;
				GCC_WARN_UNUSED_VARIABLE = YES;
				IPHONEOS_DEPLOYMENT_TARGET = 16.0;
				MTL_ENABLE_DEBUG_INFO = NO;
				MTL_FAST_MATH = YES;
				SDKROOT = iphoneos;
				SWIFT_COMPILATION_MODE = wholemodule;
				SWIFT_OPTIMIZATION_LEVEL = "-O";
				VALIDATE_PRODUCT = YES;
			};
			name = Release;
		};
		BA17000B28FAC159004E3BDC /* Debug */ = {
			isa = XCBuildConfiguration;
			buildSettings = {
				ASSETCATALOG_COMPILER_APPICON_NAME = AppIcon;
				ASSETCATALOG_COMPILER_GLOBAL_ACCENT_COLOR_NAME = AccentColor;
				CODE_SIGN_STYLE = Automatic;
				CURRENT_PROJECT_VERSION = 1;
				DEVELOPMENT_ASSET_PATHS = "\"Weather/Preview Content\"";
				DEVELOPMENT_TEAM = W5KC8W2M5Y;
				ENABLE_PREVIEWS = YES;
				GENERATE_INFOPLIST_FILE = YES;
				INFOPLIST_KEY_UIApplicationSceneManifest_Generation = YES;
				INFOPLIST_KEY_UIApplicationSupportsIndirectInputEvents = YES;
				INFOPLIST_KEY_UILaunchScreen_Generation = YES;
				INFOPLIST_KEY_UISupportedInterfaceOrientations_iPad = "UIInterfaceOrientationPortrait UIInterfaceOrientationPortraitUpsideDown UIInterfaceOrientationLandscapeLeft UIInterfaceOrientationLandscapeRight";
				INFOPLIST_KEY_UISupportedInterfaceOrientations_iPhone = "UIInterfaceOrientationPortrait UIInterfaceOrientationLandscapeLeft UIInterfaceOrientationLandscapeRight";
				LD_RUNPATH_SEARCH_PATHS = (
					"$(inherited)",
					"@executable_path/Frameworks",
				);
				MARKETING_VERSION = 1.0;
				PRODUCT_BUNDLE_IDENTIFIER = weather.Weather;
				PRODUCT_NAME = "$(TARGET_NAME)";
				SWIFT_EMIT_LOC_STRINGS = YES;
				SWIFT_VERSION = 5.0;
				TARGETED_DEVICE_FAMILY = "1,2";
			};
			name = Debug;
		};
		BA17000C28FAC159004E3BDC /* Release */ = {
			isa = XCBuildConfiguration;
			buildSettings = {
				ASSETCATALOG_COMPILER_APPICON_NAME = AppIcon;
				ASSETCATALOG_COMPILER_GLOBAL_ACCENT_COLOR_NAME = AccentColor;
				CODE_SIGN_STYLE = Automatic;
				CURRENT_PROJECT_VERSION = 1;
				DEVELOPMENT_ASSET_PATHS = "\"Weather/Preview Content\"";
				DEVELOPMENT_TEAM = W5KC8W2M5Y;
				ENABLE_PREVIEWS = YES;
				GENERATE_INFOPLIST_FILE = YES;
				INFOPLIST_KEY_UIApplicationSceneManifest_Generation = YES;
				INFOPLIST_KEY_UIApplicationSupportsIndirectInputEvents = YES;
				INFOPLIST_KEY_UILaunchScreen_Generation = YES;
				INFOPLIST_KEY_UISupportedInterfaceOrientations_iPad = "UIInterfaceOrientationPortrait UIInterfaceOrientationPortraitUpsideDown UIInterfaceOrientationLandscapeLeft UIInterfaceOrientationLandscapeRight";
				INFOPLIST_KEY_UISupportedInterfaceOrientations_iPhone = "UIInterfaceOrientationPortrait UIInterfaceOrientationLandscapeLeft UIInterfaceOrientationLandscapeRight";
				LD_RUNPATH_SEARCH_PATHS = (
					"$(inherited)",
					"@executable_path/Frameworks",
				);
				MARKETING_VERSION = 1.0;
				PRODUCT_BUNDLE_IDENTIFIER = weather.Weather;
				PRODUCT_NAME = "$(TARGET_NAME)";
				SWIFT_EMIT_LOC_STRINGS = YES;
				SWIFT_VERSION = 5.0;
				TARGETED_DEVICE_FAMILY = "1,2";
			};
			name = Release;
		};
/* End XCBuildConfiguration section */

/* Begin XCConfigurationList section */
		BA17000A28FAC159004E3BDC /* Build configuration list for PBXNativeTarget "Weather" */ = {
			isa = XCConfigurationList;
			buildConfigurations = (
				BA17000B28FAC159004E3BDC /* Debug */,
				BA17000C28FAC159004E3BDC /* Release */,
			);
			defaultConfigurationIsVisible = 0;
			defaultConfigurationName = Release;
		};
		BA17FFF728FAC159004E3BDC /* Build configuration list for PBXProject "Weather" */ = {
			isa = XCConfigurationList;
			buildConfigurations = (
				BA17000828FAC159004E3BDC /* Debug */,
				BA17000928FAC159004E3BDC /* Release */,
			);
			defaultConfigurationIsVisible = 0;
			defaultConfigurationName = Release;
		};
/* End XCConfigurationList section */

/* Begin XCRemoteSwiftPackageReference section */
		BAD0339728FD3C110093A399 /* XCRemoteSwiftPackageReference "BottomSheet" */ = {
			isa = XCRemoteSwiftPackageReference;
			repositoryURL = "https://github.com/Wouter125/BottomSheet";
			requirement = {
				branch = main;
				kind = branch;
			};
		};
/* End XCRemoteSwiftPackageReference section */

/* Begin XCSwiftPackageProductDependency section */
		BAD0339828FD3C110093A399 /* BottomSheet */ = {
			isa = XCSwiftPackageProductDependency;
			package = BAD0339728FD3C110093A399 /* XCRemoteSwiftPackageReference "BottomSheet" */;
			productName = BottomSheet;
		};
/* End XCSwiftPackageProductDependency section */
	};
	rootObject = BA17FFF428FAC159004E3BDC /* Project object */;
}
